
Microsoft Visual Studio Solution File, Format Version 12.00
# Visual Studio Version 16
VisualStudioVersion = 16.0.30011.22
MinimumVisualStudioVersion = 10.0.40219.1
Project("{FAE04EC0-301F-11D3-BF4B-00C04F79EFBC}") = "WebApi2", "WebApi2\WebApi2.csproj", "{46B93631-8F48-48E9-A09A-E9AA3209CE7D}"
EndProject
Global
	GlobalSection(SolutionConfigurationPlatforms) = preSolution
		Debug|Any CPU = Debug|Any CPU
		Release|Any CPU = Release|Any CPU
	EndGlobalSection
	GlobalSection(ProjectConfigurationPlatforms) = postSolution
		{46B93631-8F48-48E9-A09A-E9AA3209CE7D}.Debug|Any CPU.ActiveCfg = Debug|Any CPU
		{46B93631-8F48-48E9-A09A-E9AA3209CE7D}.Debug|Any CPU.Build.0 = Debug|Any CPU
		{46B93631-8F48-48E9-A09A-E9AA3209CE7D}.Release|Any CPU.ActiveCfg = Release|Any CPU
		{46B93631-8F48-48E9-A09A-E9AA3209CE7D}.Release|Any CPU.Build.0 = Release|Any CPU
	EndGlobalSection
	GlobalSection(SolutionProperties) = preSolution
		HideSolutionNode = FALSE
	EndGlobalSection
	GlobalSection(ExtensibilityGlobals) = postSolution
		SolutionGuid = {EE5FA3B0-FE63-4FFE-AB28-53C7AB8B2A08}
	EndGlobalSection
EndGlobal
